
Microsoft Visual Studio Solution File, Format Version 12.00
# Visual Studio Version 17
VisualStudioVersion = 17.14.36603.0 d17.14
MinimumVisualStudioVersion = 10.0.40219.1
Project("{FAE04EC0-301F-11D3-BF4B-00C04F79EFBC}") = "PokerTable", "PokerTable\PokerTable.csproj", "{AFD14DBD-5AFA-42EB-A7C7-07DFB44A29DC}"
EndProject
Global
	GlobalSection(SolutionConfigurationPlatforms) = preSolution
		Debug|Any CPU = Debug|Any CPU
		Release|Any CPU = Release|Any CPU
	EndGlobalSection
	GlobalSection(ProjectConfigurationPlatforms) = postSolution
		{AFD14DBD-5AFA-42EB-A7C7-07DFB44A29DC}.Debug|Any CPU.ActiveCfg = Debug|Any CPU
		{AFD14DBD-5AFA-42EB-A7C7-07DFB44A29DC}.Debug|Any CPU.Build.0 = Debug|Any CPU
		{AFD14DBD-5AFA-42EB-A7C7-07DFB44A29DC}.Release|Any CPU.ActiveCfg = Release|Any CPU
		{AFD14DBD-5AFA-42EB-A7C7-07DFB44A29DC}.Release|Any CPU.Build.0 = Release|Any CPU
	EndGlobalSection
	GlobalSection(SolutionProperties) = preSolution
		HideSolutionNode = FALSE
	EndGlobalSection
	GlobalSection(ExtensibilityGlobals) = postSolution
		SolutionGuid = {D3C489EC-1EFF-4F1F-9495-84EABC18695F}
	EndGlobalSection
EndGlobal
